
Microsoft Visual Studio Solution File, Format Version 12.00
# Visual Studio 15
VisualStudioVersion = 15.0.28307.1062
MinimumVisualStudioVersion = 10.0.40219.1
Project("{FAE04EC0-301F-11D3-BF4B-00C04F79EFBC}") = "programa_Vetores_2", "programa_Vetores_2\programa_Vetores_2.csproj", "{E2C2085B-3C8A-476E-8720-09423958D7DB}"
EndProject
Global
	GlobalSection(SolutionConfigurationPlatforms) = preSolution
		Debug|Any CPU = Debug|Any CPU
		Release|Any CPU = Release|Any CPU
	EndGlobalSection
	GlobalSection(ProjectConfigurationPlatforms) = postSolution
		{E2C2085B-3C8A-476E-8720-09423958D7DB}.Debug|Any CPU.ActiveCfg = Debug|Any CPU
		{E2C2085B-3C8A-476E-8720-09423958D7DB}.Debug|Any CPU.Build.0 = Debug|Any CPU
		{E2C2085B-3C8A-476E-8720-09423958D7DB}.Release|Any CPU.ActiveCfg = Release|Any CPU
		{E2C2085B-3C8A-476E-8720-09423958D7DB}.Release|Any CPU.Build.0 = Release|Any CPU
	EndGlobalSection
	GlobalSection(SolutionProperties) = preSolution
		HideSolutionNode = FALSE
	EndGlobalSection
	GlobalSection(ExtensibilityGlobals) = postSolution
		SolutionGuid = {EDC6FACB-5929-435F-A599-A0FC71259D75}
	EndGlobalSection
EndGlobal
